// !$*UTF8*$!
{
	archiveVersion = 1;
	classes = {
	};
	objectVersion = 55;
	objects = {

/* Begin PBXBuildFile section */
		009E491428167A0A00965782 /* BaatuniApp.swift in Sources */ = {isa = PBXBuildFile; fileRef = 009E491328167A0A00965782 /* BaatuniApp.swift */; };
		009E491628167A0A00965782 /* ContentView.swift in Sources */ = {isa = PBXBuildFile; fileRef = 009E491528167A0A00965782 /* ContentView.swift */; };
		009E491828167A1200965782 /* Assets.xcassets in Resources */ = {isa = PBXBuildFile; fileRef = 009E491728167A1200965782 /* Assets.xcassets */; };
		009E491B28167A1200965782 /* Preview Assets.xcassets in Resources */ = {isa = PBXBuildFile; fileRef = 009E491A28167A1200965782 /* Preview Assets.xcassets */; };
		009E492528167A1200965782 /* BaatuniTests.swift in Sources */ = {isa = PBXBuildFile; fileRef = 009E492428167A1200965782 /* BaatuniTests.swift */; };
		009E492F28167A1200965782 /* BaatuniUITests.swift in Sources */ = {isa = PBXBuildFile; fileRef = 009E492E28167A1200965782 /* BaatuniUITests.swift */; };
		009E493128167A1200965782 /* BaatuniUITestsLaunchTests.swift in Sources */ = {isa = PBXBuildFile; fileRef = 009E493028167A1200965782 /* BaatuniUITestsLaunchTests.swift */; };
/* End PBXBuildFile section */

/* Begin PBXContainerItemProxy section */
		009E492128167A1200965782 /* PBXContainerItemProxy */ = {
			isa = PBXContainerItemProxy;
			containerPortal = 009E490828167A0A00965782 /* Project object */;
			proxyType = 1;
			remoteGlobalIDString = 009E490F28167A0A00965782;
			remoteInfo = Baatuni;
		};
		009E492B28167A1200965782 /* PBXContainerItemProxy */ = {
			isa = PBXContainerItemProxy;
			containerPortal = 009E490828167A0A00965782 /* Project object */;
			proxyType = 1;
			remoteGlobalIDString = 009E490F28167A0A00965782;
			remoteInfo = Baatuni;
		};
/* End PBXContainerItemProxy section */

/* Begin PBXFileReference section */
		009E491028167A0A00965782 /* Baatuni.app */ = {isa = PBXFileReference; explicitFileType = wrapper.application; includeInIndex = 0; path = Baatuni.app; sourceTree = BUILT_PRODUCTS_DIR; };
		009E491328167A0A00965782 /* BaatuniApp.swift */ = {isa = PBXFileReference; lastKnownFileType = sourcecode.swift; path = BaatuniApp.swift; sourceTree = "<group>"; };
		009E491528167A0A00965782 /* ContentView.swift */ = {isa = PBXFileReference; lastKnownFileType = sourcecode.swift; path = ContentView.swift; sourceTree = "<group>"; };
		009E491728167A1200965782 /* Assets.xcassets */ = {isa = PBXFileReference; lastKnownFileType = folder.assetcatalog; path = Assets.xcassets; sourceTree = "<group>"; };
		009E491A28167A1200965782 /* Preview Assets.xcassets */ = {isa = PBXFileReference; lastKnownFileType = folder.assetcatalog; path = "Preview Assets.xcassets"; sourceTree = "<group>"; };
		009E492028167A1200965782 /* BaatuniTests.xctest */ = {isa = PBXFileReference; explicitFileType = wrapper.cfbundle; includeInIndex = 0; path = BaatuniTests.xctest; sourceTree = BUILT_PRODUCTS_DIR; };
		009E492428167A1200965782 /* BaatuniTests.swift */ = {isa = PBXFileReference; lastKnownFileType = sourcecode.swift; path = BaatuniTests.swift; sourceTree = "<group>"; };
		009E492A28167A1200965782 /* BaatuniUITests.xctest */ = {isa = PBXFileReference; explicitFileType = wrapper.cfbundle; includeInIndex = 0; path = BaatuniUITests.xctest; sourceTree = BUILT_PRODUCTS_DIR; };
		009E492E28167A1200965782 /* BaatuniUITests.swift */ = {isa = PBXFileReference; lastKnownFileType = sourcecode.swift; path = BaatuniUITests.swift; sourceTree = "<group>"; };
		009E493028167A1200965782 /* BaatuniUITestsLaunchTests.swift */ = {isa = PBXFileReference; lastKnownFileType = sourcecode.swift; path = BaatuniUITestsLaunchTests.swift; sourceTree = "<group>"; };
/* End PBXFileReference section */

/* Begin PBXFrameworksBuildPhase section */
		009E490D28167A0A00965782 /* Frameworks */ = {
			isa = PBXFrameworksBuildPhase;
			buildActionMask = 2147483647;
			files = (
			);
			runOnlyForDeploymentPostprocessing = 0;
		};
		009E491D28167A1200965782 /* Frameworks */ = {
			isa = PBXFrameworksBuildPhase;
			buildActionMask = 2147483647;
			files = (
			);
			runOnlyForDeploymentPostprocessing = 0;
		};
		009E492728167A1200965782 /* Frameworks */ = {
			isa = PBXFrameworksBuildPhase;
			buildActionMask = 2147483647;
			files = (
			);
			runOnlyForDeploymentPostprocessing = 0;
		};
/* End PBXFrameworksBuildPhase section */

/* Begin PBXGroup section */
		009E490728167A0A00965782 = {
			isa = PBXGroup;
			children = (
				009E491228167A0A00965782 /* Baatuni */,
				009E492328167A1200965782 /* BaatuniTests */,
				009E492D28167A1200965782 /* BaatuniUITests */,
				009E491128167A0A00965782 /* Products */,
			);
			sourceTree = "<group>";
		};
		009E491128167A0A00965782 /* Products */ = {
			isa = PBXGroup;
			children = (
				009E491028167A0A00965782 /* Baatuni.app */,
				009E492028167A1200965782 /* BaatuniTests.xctest */,
				009E492A28167A1200965782 /* BaatuniUITests.xctest */,
			);
			name = Products;
			sourceTree = "<group>";
		};
		009E491228167A0A00965782 /* Baatuni */ = {
			isa = PBXGroup;
			children = (
				009E491328167A0A00965782 /* BaatuniApp.swift */,
				009E491528167A0A00965782 /* ContentView.swift */,
				009E491728167A1200965782 /* Assets.xcassets */,
				009E491928167A1200965782 /* Preview Content */,
			);
			path = Baatuni;
			sourceTree = "<group>";
		};
		009E491928167A1200965782 /* Preview Content */ = {
			isa = PBXGroup;
			children = (
				009E491A28167A1200965782 /* Preview Assets.xcassets */,
			);
			path = "Preview Content";
			sourceTree = "<group>";
		};
		009E492328167A1200965782 /* BaatuniTests */ = {
			isa = PBXGroup;
			children = (
				009E492428167A1200965782 /* BaatuniTests.swift */,
			);
			path = BaatuniTests;
			sourceTree = "<group>";
		};
		009E492D28167A1200965782 /* BaatuniUITests */ = {
			isa = PBXGroup;
			children = (
				009E492E28167A1200965782 /* BaatuniUITests.swift */,
				009E493028167A1200965782 /* BaatuniUITestsLaunchTests.swift */,
			);
			path = BaatuniUITests;
			sourceTree = "<group>";
		};
/* End PBXGroup section */

/* Begin PBXNativeTarget section */
		009E490F28167A0A00965782 /* Baatuni */ = {
			isa = PBXNativeTarget;
			buildConfigurationList = 009E493428167A1200965782 /* Build configuration list for PBXNativeTarget "Baatuni" */;
			buildPhases = (
				009E490C28167A0A00965782 /* Sources */,
				009E490D28167A0A00965782 /* Frameworks */,
				009E490E28167A0A00965782 /* Resources */,
			);
			buildRules = (
			);
			dependencies = (
			);
			name = Baatuni;
			productName = Baatuni;
			productReference = 009E491028167A0A00965782 /* Baatuni.app */;
			productType = "com.apple.product-type.application";
		};
		009E491F28167A1200965782 /* BaatuniTests */ = {
			isa = PBXNativeTarget;
			buildConfigurationList = 009E493728167A1200965782 /* Build configuration list for PBXNativeTarget "BaatuniTests" */;
			buildPhases = (
				009E491C28167A1200965782 /* Sources */,
				009E491D28167A1200965782 /* Frameworks */,
				009E491E28167A1200965782 /* Resources */,
			);
			buildRules = (
			);
			dependencies = (
				009E492228167A1200965782 /* PBXTargetDependency */,
			);
			name = BaatuniTests;
			productName = BaatuniTests;
			productReference = 009E492028167A1200965782 /* BaatuniTests.xctest */;
			productType = "com.apple.product-type.bundle.unit-test";
		};
		009E492928167A1200965782 /* BaatuniUITests */ = {
			isa = PBXNativeTarget;
			buildConfigurationList = 009E493A28167A1200965782 /* Build configuration list for PBXNativeTarget "BaatuniUITests" */;
			buildPhases = (
				009E492628167A1200965782 /* Sources */,
				009E492728167A1200965782 /* Frameworks */,
				009E492828167A1200965782 /* Resources */,
			);
			buildRules = (
			);
			dependencies = (
				009E492C28167A1200965782 /* PBXTargetDependency */,
			);
			name = BaatuniUITests;
			productName = BaatuniUITests;
			productReference = 009E492A28167A1200965782 /* BaatuniUITests.xctest */;
			productType = "com.apple.product-type.bundle.ui-testing";
		};
/* End PBXNativeTarget section */

/* Begin PBXProject section */
		009E490828167A0A00965782 /* Project object */ = {
			isa = PBXProject;
			attributes = {
				BuildIndependentTargetsInParallel = 1;
				LastSwiftUpdateCheck = 1330;
				LastUpgradeCheck = 1330;
				TargetAttributes = {
					009E490F28167A0A00965782 = {
						CreatedOnToolsVersion = 13.3.1;
					};
					009E491F28167A1200965782 = {
						CreatedOnToolsVersion = 13.3.1;
						TestTargetID = 009E490F28167A0A00965782;
					};
					009E492928167A1200965782 = {
						CreatedOnToolsVersion = 13.3.1;
						TestTargetID = 009E490F28167A0A00965782;
					};
				};
			};
			buildConfigurationList = 009E490B28167A0A00965782 /* Build configuration list for PBXProject "Baatuni" */;
			compatibilityVersion = "Xcode 13.0";
			developmentRegion = en;
			hasScannedForEncodings = 0;
			knownRegions = (
				en,
				Base,
			);
			mainGroup = 009E490728167A0A00965782;
			productRefGroup = 009E491128167A0A00965782 /* Products */;
			projectDirPath = "";
			projectRoot = "";
			targets = (
				009E490F28167A0A00965782 /* Baatuni */,
				009E491F28167A1200965782 /* BaatuniTests */,
				009E492928167A1200965782 /* BaatuniUITests */,
			);
		};
/* End PBXProject section */

/* Begin PBXResourcesBuildPhase section */
		009E490E28167A0A00965782 /* Resources */ = {
			isa = PBXResourcesBuildPhase;
			buildActionMask = 2147483647;
			files = (
				009E491B28167A1200965782 /* Preview Assets.xcassets in Resources */,
				009E491828167A1200965782 /* Assets.xcassets in Resources */,
			);
			runOnlyForDeploymentPostprocessing = 0;
		};
		009E491E28167A1200965782 /* Resources */ = {
			isa = PBXResourcesBuildPhase;
			buildActionMask = 2147483647;
			files = (
			);
			runOnlyForDeploymentPostprocessing = 0;
		};
		009E492828167A1200965782 /* Resources */ = {
			isa = PBXResourcesBuildPhase;
			buildActionMask = 2147483647;
			files = (
			);
			runOnlyForDeploymentPostprocessing = 0;
		};
/* End PBXResourcesBuildPhase section */

/* Begin PBXSourcesBuildPhase section */
		009E490C28167A0A00965782 /* Sources */ = {
			isa = PBXSourcesBuildPhase;
			buildActionMask = 2147483647;
			files = (
				009E491628167A0A00965782 /* ContentView.swift in Sources */,
				009E491428167A0A00965782 /* BaatuniApp.swift in Sources */,
			);
			runOnlyForDeploymentPostprocessing = 0;
		};
		009E491C28167A1200965782 /* Sources */ = {
			isa = PBXSourcesBuildPhase;
			buildActionMask = 2147483647;
			files = (
				009E492528167A1200965782 /* BaatuniTests.swift in Sources */,
			);
			runOnlyForDeploymentPostprocessing = 0;
		};
		009E492628167A1200965782 /* Sources */ = {
			isa = PBXSourcesBuildPhase;
			buildActionMask = 2147483647;
			files = (
				009E492F28167A1200965782 /* BaatuniUITests.swift in Sources */,
				009E493128167A1200965782 /* BaatuniUITestsLaunchTests.swift in Sources */,
			);
			runOnlyForDeploymentPostprocessing = 0;
		};
/* End PBXSourcesBuildPhase section */

/* Begin PBXTargetDependency section */
		009E492228167A1200965782 /* PBXTargetDependency */ = {
			isa = PBXTargetDependency;
			target = 009E490F28167A0A00965782 /* Baatuni */;
			targetProxy = 009E492128167A1200965782 /* PBXContainerItemProxy */;
		};
		009E492C28167A1200965782 /* PBXTargetDependency */ = {
			isa = PBXTargetDependency;
			target = 009E490F28167A0A00965782 /* Baatuni */;
			targetProxy = 009E492B28167A1200965782 /* PBXContainerItemProxy */;
		};
/* End PBXTargetDependency section */

/* Begin XCBuildConfiguration section */
		009E493228167A1200965782 /* Debug */ = {
			isa = XCBuildConfiguration;
			buildSettings = {
				ALWAYS_SEARCH_USER_PATHS = NO;
				CLANG_ANALYZER_NONNULL = YES;
				CLANG_ANALYZER_NUMBER_OBJECT_CONVERSION = YES_AGGRESSIVE;
				CLANG_CXX_LANGUAGE_STANDARD = "gnu++17";
				CLANG_ENABLE_MODULES = YES;
				CLANG_ENABLE_OBJC_ARC = YES;
				CLANG_ENABLE_OBJC_WEAK = YES;
				CLANG_WARN_BLOCK_CAPTURE_AUTORELEASING = YES;
				CLANG_WARN_BOOL_CONVERSION = YES;
				CLANG_WARN_COMMA = YES;
				CLANG_WARN_CONSTANT_CONVERSION = YES;
				CLANG_WARN_DEPRECATED_OBJC_IMPLEMENTATIONS = YES;
				CLANG_WARN_DIRECT_OBJC_ISA_USAGE = YES_ERROR;
				CLANG_WARN_DOCUMENTATION_COMMENTS = YES;
				CLANG_WARN_EMPTY_BODY = YES;
				CLANG_WARN_ENUM_CONVERSION = YES;
				CLANG_WARN_INFINITE_RECURSION = YES;
				CLANG_WARN_INT_CONVERSION = YES;
				CLANG_WARN_NON_LITERAL_NULL_CONVERSION = YES;
				CLANG_WARN_OBJC_IMPLICIT_RETAIN_SELF = YES;
				CLANG_WARN_OBJC_LITERAL_CONVERSION = YES;
				CLANG_WARN_OBJC_ROOT_CLASS = YES_ERROR;
				CLANG_WARN_QUOTED_INCLUDE_IN_FRAMEWORK_HEADER = YES;
				CLANG_WARN_RANGE_LOOP_ANALYSIS = YES;
				CLANG_WARN_STRICT_PROTOTYPES = YES;
				CLANG_WARN_SUSPICIOUS_MOVE = YES;
				CLANG_WARN_UNGUARDED_AVAILABILITY = YES_AGGRESSIVE;
				CLANG_WARN_UNREACHABLE_CODE = YES;
				CLANG_WARN__DUPLICATE_METHOD_MATCH = YES;
				COPY_PHASE_STRIP = NO;
				DEBUG_INFORMATION_FORMAT = dwarf;
				ENABLE_STRICT_OBJC_MSGSEND = YES;
				ENABLE_TESTABILITY = YES;
				GCC_C_LANGUAGE_STANDARD = gnu11;
				GCC_DYNAMIC_NO_PIC = NO;
				GCC_NO_COMMON_BLOCKS = YES;
				GCC_OPTIMIZATION_LEVEL = 0;
				GCC_PREPROCESSOR_DEFINITIONS = (
					"DEBUG=1",
					"$(inherited)",
				);
				GCC_WARN_64_TO_32_BIT_CONVERSION = YES;
				GCC_WARN_ABOUT_RETURN_TYPE = YES_ERROR;
				GCC_WARN_UNDECLARED_SELECTOR = YES;
				GCC_WARN_UNINITIALIZED_AUTOS = YES_AGGRESSIVE;
				GCC_WARN_UNUSED_FUNCTION = YES;
				GCC_WARN_UNUSED_VARIABLE = YES;
				IPHONEOS_DEPLOYMENT_TARGET = 15.4;
				MTL_ENABLE_DEBUG_INFO = INCLUDE_SOURCE;
				MTL_FAST_MATH = YES;
				ONLY_ACTIVE_ARCH = YES;
				SDKROOT = iphoneos;
				SWIFT_ACTIVE_COMPILATION_CONDITIONS = DEBUG;
				SWIFT_OPTIMIZATION_LEVEL = "-Onone";
			};
			name = Debug;
		};
		009E493328167A1200965782 /* Release */ = {
			isa = XCBuildConfiguration;
			buildSettings = {
				ALWAYS_SEARCH_USER_PATHS = NO;
				CLANG_ANALYZER_NONNULL = YES;
				CLANG_ANALYZER_NUMBER_OBJECT_CONVERSION = YES_AGGRESSIVE;
				CLANG_CXX_LANGUAGE_STANDARD = "gnu++17";
				CLANG_ENABLE_MODULES = YES;
				CLANG_ENABLE_OBJC_ARC = YES;
				CLANG_ENABLE_OBJC_WEAK = YES;
				CLANG_WARN_BLOCK_CAPTURE_AUTORELEASING = YES;
				CLANG_WARN_BOOL_CONVERSION = YES;
				CLANG_WARN_COMMA = YES;
				CLANG_WARN_CONSTANT_CONVERSION = YES;
				CLANG_WARN_DEPRECATED_OBJC_IMPLEMENTATIONS = YES;
				CLANG_WARN_DIRECT_OBJC_ISA_USAGE = YES_ERROR;
				CLANG_WARN_DOCUMENTATION_COMMENTS = YES;
				CLANG_WARN_EMPTY_BODY = YES;
				CLANG_WARN_ENUM_CONVERSION = YES;
				CLANG_WARN_INFINITE_RECURSION = YES;
				CLANG_WARN_INT_CONVERSION = YES;
				CLANG_WARN_NON_LITERAL_NULL_CONVERSION = YES;
				CLANG_WARN_OBJC_IMPLICIT_RETAIN_SELF = YES;
				CLANG_WARN_OBJC_LITERAL_CONVERSION = YES;
				CLANG_WARN_OBJC_ROOT_CLASS = YES_ERROR;
				CLANG_WARN_QUOTED_INCLUDE_IN_FRAMEWORK_HEADER = YES;
				CLANG_WARN_RANGE_LOOP_ANALYSIS = YES;
				CLANG_WARN_STRICT_PROTOTYPES = YES;
				CLANG_WARN_SUSPICIOUS_MOVE = YES;
				CLANG_WARN_UNGUARDED_AVAILABILITY = YES_AGGRESSIVE;
				CLANG_WARN_UNREACHABLE_CODE = YES;
				CLANG_WARN__DUPLICATE_METHOD_MATCH = YES;
				COPY_PHASE_STRIP = NO;
				DEBUG_INFORMATION_FORMAT = "dwarf-with-dsym";
				ENABLE_NS_ASSERTIONS = NO;
				ENABLE_STRICT_OBJC_MSGSEND = YES;
				GCC_C_LANGUAGE_STANDARD = gnu11;
				GCC_NO_COMMON_BLOCKS = YES;
				GCC_WARN_64_TO_32_BIT_CONVERSION = YES;
				GCC_WARN_ABOUT_RETURN_TYPE = YES_ERROR;
				GCC_WARN_UNDECLARED_SELECTOR = YES;
				GCC_WARN_UNINITIALIZED_AUTOS = YES_AGGRESSIVE;
				GCC_WARN_UNUSED_FUNCTION = YES;
				GCC_WARN_UNUSED_VARIABLE = YES;
				IPHONEOS_DEPLOYMENT_TARGET = 15.4;
				MTL_ENABLE_DEBUG_INFO = NO;
				MTL_FAST_MATH = YES;
				SDKROOT = iphoneos;
				SWIFT_COMPILATION_MODE = wholemodule;
				SWIFT_OPTIMIZATION_LEVEL = "-O";
				VALIDATE_PRODUCT = YES;
			};
			name = Release;
		};
		009E493528167A1200965782 /* Debug */ = {
			isa = XCBuildConfiguration;
			buildSettings = {
				ASSETCATALOG_COMPILER_APPICON_NAME = AppIcon;
				ASSETCATALOG_COMPILER_GLOBAL_ACCENT_COLOR_NAME = AccentColor;
				CODE_SIGN_STYLE = Automatic;
				CURRENT_PROJECT_VERSION = 1;
				DEVELOPMENT_ASSET_PATHS = "\"Baatuni/Preview Content\"";
				DEVELOPMENT_TEAM = KUCJ959595;
				ENABLE_PREVIEWS = YES;
				GENERATE_INFOPLIST_FILE = YES;
				INFOPLIST_KEY_UIApplicationSceneManifest_Generation = YES;
				INFOPLIST_KEY_UIApplicationSupportsIndirectInputEvents = YES;
				INFOPLIST_KEY_UILaunchScreen_Generation = YES;
				INFOPLIST_KEY_UISupportedInterfaceOrientations_iPad = "UIInterfaceOrientationPortrait UIInterfaceOrientationPortraitUpsideDown UIInterfaceOrientationLandscapeLeft UIInterfaceOrientationLandscapeRight";
				INFOPLIST_KEY_UISupportedInterfaceOrientations_iPhone = "UIInterfaceOrientationPortrait UIInterfaceOrientationLandscapeLeft UIInterfaceOrientationLandscapeRight";
				LD_RUNPATH_SEARCH_PATHS = (
					"$(inherited)",
					"@executable_path/Frameworks",
				);
				MARKETING_VERSION = 1.0;
				PRODUCT_BUNDLE_IDENTIFIER = com.ashwani.baatuni.Baatuni;
				PRODUCT_NAME = "$(TARGET_NAME)";
				SWIFT_EMIT_LOC_STRINGS = YES;
				SWIFT_VERSION = 5.0;
				TARGETED_DEVICE_FAMILY = "1,2";
			};
			name = Debug;
		};
		009E493628167A1200965782 /* Release */ = {
			isa = XCBuildConfiguration;
			buildSettings = {
				ASSETCATALOG_COMPILER_APPICON_NAME = AppIcon;
				ASSETCATALOG_COMPILER_GLOBAL_ACCENT_COLOR_NAME = AccentColor;
				CODE_SIGN_STYLE = Automatic;
				CURRENT_PROJECT_VERSION = 1;
				DEVELOPMENT_ASSET_PATHS = "\"Baatuni/Preview Content\"";
				DEVELOPMENT_TEAM = KUCJ959595;
				ENABLE_PREVIEWS = YES;
				GENERATE_INFOPLIST_FILE = YES;
				INFOPLIST_KEY_UIApplicationSceneManifest_Generation = YES;
				INFOPLIST_KEY_UIApplicationSupportsIndirectInputEvents = YES;
				INFOPLIST_KEY_UILaunchScreen_Generation = YES;
				INFOPLIST_KEY_UISupportedInterfaceOrientations_iPad = "UIInterfaceOrientationPortrait UIInterfaceOrientationPortraitUpsideDown UIInterfaceOrientationLandscapeLeft UIInterfaceOrientationLandscapeRight";
				INFOPLIST_KEY_UISupportedInterfaceOrientations_iPhone = "UIInterfaceOrientationPortrait UIInterfaceOrientationLandscapeLeft UIInterfaceOrientationLandscapeRight";
				LD_RUNPATH_SEARCH_PATHS = (
					"$(inherited)",
					"@executable_path/Frameworks",
				);
				MARKETING_VERSION = 1.0;
				PRODUCT_BUNDLE_IDENTIFIER = com.ashwani.baatuni.Baatuni;
				PRODUCT_NAME = "$(TARGET_NAME)";
				SWIFT_EMIT_LOC_STRINGS = YES;
				SWIFT_VERSION = 5.0;
				TARGETED_DEVICE_FAMILY = "1,2";
			};
			name = Release;
		};
		009E493828167A1200965782 /* Debug */ = {
			isa = XCBuildConfiguration;
			buildSettings = {
				ALWAYS_EMBED_SWIFT_STANDARD_LIBRARIES = YES;
				BUNDLE_LOADER = "$(TEST_HOST)";
				CODE_SIGN_STYLE = Automatic;
				CURRENT_PROJECT_VERSION = 1;
				DEVELOPMENT_TEAM = KUCJ959595;
				GENERATE_INFOPLIST_FILE = YES;
				IPHONEOS_DEPLOYMENT_TARGET = 15.4;
				MARKETING_VERSION = 1.0;
				PRODUCT_BUNDLE_IDENTIFIER = com.ashwani.baatuni.BaatuniTests;
				PRODUCT_NAME = "$(TARGET_NAME)";
				SWIFT_EMIT_LOC_STRINGS = NO;
				SWIFT_VERSION = 5.0;
				TARGETED_DEVICE_FAMILY = "1,2";
				TEST_HOST = "$(BUILT_PRODUCTS_DIR)/Baatuni.app/Baatuni";
			};
			name = Debug;
		};
		009E493928167A1200965782 /* Release */ = {
			isa = XCBuildConfiguration;
			buildSettings = {
				ALWAYS_EMBED_SWIFT_STANDARD_LIBRARIES = YES;
				BUNDLE_LOADER = "$(TEST_HOST)";
				CODE_SIGN_STYLE = Automatic;
				CURRENT_PROJECT_VERSION = 1;
				DEVELOPMENT_TEAM = KUCJ959595;
				GENERATE_INFOPLIST_FILE = YES;
				IPHONEOS_DEPLOYMENT_TARGET = 15.4;
				MARKETING_VERSION = 1.0;
				PRODUCT_BUNDLE_IDENTIFIER = com.ashwani.baatuni.BaatuniTests;
				PRODUCT_NAME = "$(TARGET_NAME)";
				SWIFT_EMIT_LOC_STRINGS = NO;
				SWIFT_VERSION = 5.0;
				TARGETED_DEVICE_FAMILY = "1,2";
				TEST_HOST = "$(BUILT_PRODUCTS_DIR)/Baatuni.app/Baatuni";
			};
			name = Release;
		};
		009E493B28167A1200965782 /* Debug */ = {
			isa = XCBuildConfiguration;
			buildSettings = {
				ALWAYS_EMBED_SWIFT_STANDARD_LIBRARIES = YES;
				CODE_SIGN_STYLE = Automatic;
				CURRENT_PROJECT_VERSION = 1;
				DEVELOPMENT_TEAM = KUCJ959595;
				GENERATE_INFOPLIST_FILE = YES;
				MARKETING_VERSION = 1.0;
				PRODUCT_BUNDLE_IDENTIFIER = com.ashwani.baatuni.BaatuniUITests;
				PRODUCT_NAME = "$(TARGET_NAME)";
				SWIFT_EMIT_LOC_STRINGS = NO;
				SWIFT_VERSION = 5.0;
				TARGETED_DEVICE_FAMILY = "1,2";
				TEST_TARGET_NAME = Baatuni;
			};
			name = Debug;
		};
		009E493C28167A1200965782 /* Release */ = {
			isa = XCBuildConfiguration;
			buildSettings = {
				ALWAYS_EMBED_SWIFT_STANDARD_LIBRARIES = YES;
				CODE_SIGN_STYLE = Automatic;
				CURRENT_PROJECT_VERSION = 1;
				DEVELOPMENT_TEAM = KUCJ959595;
				GENERATE_INFOPLIST_FILE = YES;
				MARKETING_VERSION = 1.0;
				PRODUCT_BUNDLE_IDENTIFIER = com.ashwani.baatuni.BaatuniUITests;
				PRODUCT_NAME = "$(TARGET_NAME)";
				SWIFT_EMIT_LOC_STRINGS = NO;
				SWIFT_VERSION = 5.0;
				TARGETED_DEVICE_FAMILY = "1,2";
				TEST_TARGET_NAME = Baatuni;
			};
			name = Release;
		};
/* End XCBuildConfiguration section */

/* Begin XCConfigurationList section */
		009E490B28167A0A00965782 /* Build configuration list for PBXProject "Baatuni" */ = {
			isa = XCConfigurationList;
			buildConfigurations = (
				009E493228167A1200965782 /* Debug */,
				009E493328167A1200965782 /* Release */,
			);
			defaultConfigurationIsVisible = 0;
			defaultConfigurationName = Release;
		};
		009E493428167A1200965782 /* Build configuration list for PBXNativeTarget "Baatuni" */ = {
			isa = XCConfigurationList;
			buildConfigurations = (
				009E493528167A1200965782 /* Debug */,
				009E493628167A1200965782 /* Release */,
			);
			defaultConfigurationIsVisible = 0;
			defaultConfigurationName = Release;
		};
		009E493728167A1200965782 /* Build configuration list for PBXNativeTarget "BaatuniTests" */ = {
			isa = XCConfigurationList;
			buildConfigurations = (
				009E493828167A1200965782 /* Debug */,
				009E493928167A1200965782 /* Release */,
			);
			defaultConfigurationIsVisible = 0;
			defaultConfigurationName = Release;
		};
		009E493A28167A1200965782 /* Build configuration list for PBXNativeTarget "BaatuniUITests" */ = {
			isa = XCConfigurationList;
			buildConfigurations = (
				009E493B28167A1200965782 /* Debug */,
				009E493C28167A1200965782 /* Release */,
			);
			defaultConfigurationIsVisible = 0;
			defaultConfigurationName = Release;
		};
/* End XCConfigurationList section */
	};
	rootObject = 009E490828167A0A00965782 /* Project object */;
}
